
Microsoft Visual Studio Solution File, Format Version 12.00
# Visual Studio Version 17
VisualStudioVersion = 17.2.32317.152
MinimumVisualStudioVersion = 10.0.40219.1
Project("{FAE04EC0-301F-11D3-BF4B-00C04F79EFBC}") = "SampleWebAPI2022", "SampleWebAPI2022\SampleWebAPI2022.csproj", "{D5690B09-3CF0-449D-BD2D-072DAF00688E}"
EndProject
Global
	GlobalSection(SolutionConfigurationPlatforms) = preSolution
		Debug|Any CPU = Debug|Any CPU
		Release|Any CPU = Release|Any CPU
	EndGlobalSection
	GlobalSection(ProjectConfigurationPlatforms) = postSolution
		{D5690B09-3CF0-449D-BD2D-072DAF00688E}.Debug|Any CPU.ActiveCfg = Debug|Any CPU
		{D5690B09-3CF0-449D-BD2D-072DAF00688E}.Debug|Any CPU.Build.0 = Debug|Any CPU
		{D5690B09-3CF0-449D-BD2D-072DAF00688E}.Release|Any CPU.ActiveCfg = Release|Any CPU
		{D5690B09-3CF0-449D-BD2D-072DAF00688E}.Release|Any CPU.Build.0 = Release|Any CPU
	EndGlobalSection
	GlobalSection(SolutionProperties) = preSolution
		HideSolutionNode = FALSE
	EndGlobalSection
	GlobalSection(ExtensibilityGlobals) = postSolution
		SolutionGuid = {A809B954-C94B-4FFF-9DAB-84A3F98EC808}
	EndGlobalSection
EndGlobal
